
Microsoft Visual Studio Solution File, Format Version 12.00
# Visual Studio Version 17
VisualStudioVersion = 17.4.33205.214
MinimumVisualStudioVersion = 10.0.40219.1
Project("{9A19103F-16F7-4668-BE54-9A1E7A4F7556}") = "CompoundPatternTest", "CompoundPatternTest\CompoundPatternTest.csproj", "{D0F0D708-98EB-4F6C-821C-5B8CA48ECDDF}"
EndProject
Global
	GlobalSection(SolutionConfigurationPlatforms) = preSolution
		Debug|Any CPU = Debug|Any CPU
		Release|Any CPU = Release|Any CPU
	EndGlobalSection
	GlobalSection(ProjectConfigurationPlatforms) = postSolution
		{D0F0D708-98EB-4F6C-821C-5B8CA48ECDDF}.Debug|Any CPU.ActiveCfg = Debug|Any CPU
		{D0F0D708-98EB-4F6C-821C-5B8CA48ECDDF}.Debug|Any CPU.Build.0 = Debug|Any CPU
		{D0F0D708-98EB-4F6C-821C-5B8CA48ECDDF}.Release|Any CPU.ActiveCfg = Release|Any CPU
		{D0F0D708-98EB-4F6C-821C-5B8CA48ECDDF}.Release|Any CPU.Build.0 = Release|Any CPU
	EndGlobalSection
	GlobalSection(SolutionProperties) = preSolution
		HideSolutionNode = FALSE
	EndGlobalSection
	GlobalSection(ExtensibilityGlobals) = postSolution
		SolutionGuid = {3DC8F26F-CBC2-4EA8-A03A-B2FC2BF80FAA}
	EndGlobalSection
EndGlobal
